// !$*UTF8*$!
{
	archiveVersion = 1;
	classes = {
	};
	objectVersion = 56;
	objects = {

/* Begin PBXBuildFile section */
		224542DD2C671A4C000B5BF6 /* APIError.swift in Sources */ = {isa = PBXBuildFile; fileRef = 224542DC2C671A4C000B5BF6 /* APIError.swift */; };
		224542E22C671E3D000B5BF6 /* SpotifyAPI.swift in Sources */ = {isa = PBXBuildFile; fileRef = 224542E12C671E3D000B5BF6 /* SpotifyAPI.swift */; };
		224542E42C672E4A000B5BF6 /* AuthViewController.swift in Sources */ = {isa = PBXBuildFile; fileRef = 224542E32C672E4A000B5BF6 /* AuthViewController.swift */; };
		224542E62C673A11000B5BF6 /* SpotifyAccessTokenModel.swift in Sources */ = {isa = PBXBuildFile; fileRef = 224542E52C673A11000B5BF6 /* SpotifyAccessTokenModel.swift */; };
		224542E92C673E5A000B5BF6 /* Alamofire in Frameworks */ = {isa = PBXBuildFile; productRef = 224542E82C673E5A000B5BF6 /* Alamofire */; };
		226D81B22C628F7800B2026B /* AppDelegate.swift in Sources */ = {isa = PBXBuildFile; fileRef = 226D81B12C628F7800B2026B /* AppDelegate.swift */; };
		226D81B42C628F7800B2026B /* SceneDelegate.swift in Sources */ = {isa = PBXBuildFile; fileRef = 226D81B32C628F7800B2026B /* SceneDelegate.swift */; };
		226D81BB2C628F7A00B2026B /* Assets.xcassets in Resources */ = {isa = PBXBuildFile; fileRef = 226D81BA2C628F7A00B2026B /* Assets.xcassets */; };
		226D81BE2C628F7A00B2026B /* LaunchScreen.storyboard in Resources */ = {isa = PBXBuildFile; fileRef = 226D81BC2C628F7A00B2026B /* LaunchScreen.storyboard */; };
		229A1A792C6E4A8D0039F740 /* SearchResponse.swift in Sources */ = {isa = PBXBuildFile; fileRef = 229A1A782C6E4A8D0039F740 /* SearchResponse.swift */; };
		229A1A7B2C6E4B950039F740 /* SearchSongViewController.swift in Sources */ = {isa = PBXBuildFile; fileRef = 229A1A7A2C6E4B950039F740 /* SearchSongViewController.swift */; };
		229A1A7E2C6F86620039F740 /* .gitignore in Resources */ = {isa = PBXBuildFile; fileRef = 229A1A7D2C6F86620039F740 /* .gitignore */; };
		22D3245D2C64AAB600373458 /* TopViewController.swift in Sources */ = {isa = PBXBuildFile; fileRef = 22D3245C2C64AAB600373458 /* TopViewController.swift */; };
		22D324602C64AB0E00373458 /* SelectSongsViewController.swift in Sources */ = {isa = PBXBuildFile; fileRef = 22D3245F2C64AB0E00373458 /* SelectSongsViewController.swift */; };
/* End PBXBuildFile section */

/* Begin PBXFileReference section */
		224542DC2C671A4C000B5BF6 /* APIError.swift */ = {isa = PBXFileReference; lastKnownFileType = sourcecode.swift; path = APIError.swift; sourceTree = "<group>"; };
		224542E12C671E3D000B5BF6 /* SpotifyAPI.swift */ = {isa = PBXFileReference; lastKnownFileType = sourcecode.swift; path = SpotifyAPI.swift; sourceTree = "<group>"; };
		224542E32C672E4A000B5BF6 /* AuthViewController.swift */ = {isa = PBXFileReference; lastKnownFileType = sourcecode.swift; path = AuthViewController.swift; sourceTree = "<group>"; };
		224542E52C673A11000B5BF6 /* SpotifyAccessTokenModel.swift */ = {isa = PBXFileReference; lastKnownFileType = sourcecode.swift; path = SpotifyAccessTokenModel.swift; sourceTree = "<group>"; };
		226D81AE2C628F7800B2026B /* SongWolf.app */ = {isa = PBXFileReference; explicitFileType = wrapper.application; includeInIndex = 0; path = SongWolf.app; sourceTree = BUILT_PRODUCTS_DIR; };
		226D81B12C628F7800B2026B /* AppDelegate.swift */ = {isa = PBXFileReference; lastKnownFileType = sourcecode.swift; path = AppDelegate.swift; sourceTree = "<group>"; };
		226D81B32C628F7800B2026B /* SceneDelegate.swift */ = {isa = PBXFileReference; lastKnownFileType = sourcecode.swift; path = SceneDelegate.swift; sourceTree = "<group>"; };
		226D81BA2C628F7A00B2026B /* Assets.xcassets */ = {isa = PBXFileReference; lastKnownFileType = folder.assetcatalog; path = Assets.xcassets; sourceTree = "<group>"; };
		226D81BD2C628F7A00B2026B /* Base */ = {isa = PBXFileReference; lastKnownFileType = file.storyboard; name = Base; path = Base.lproj/LaunchScreen.storyboard; sourceTree = "<group>"; };
		226D81BF2C628F7A00B2026B /* Info.plist */ = {isa = PBXFileReference; lastKnownFileType = text.plist.xml; path = Info.plist; sourceTree = "<group>"; };
		229A1A782C6E4A8D0039F740 /* SearchResponse.swift */ = {isa = PBXFileReference; lastKnownFileType = sourcecode.swift; path = SearchResponse.swift; sourceTree = "<group>"; };
		229A1A7A2C6E4B950039F740 /* SearchSongViewController.swift */ = {isa = PBXFileReference; fileEncoding = 4; lastKnownFileType = sourcecode.swift; path = SearchSongViewController.swift; sourceTree = "<group>"; };
		229A1A7C2C6F825E0039F740 /* Config.xcconfig */ = {isa = PBXFileReference; lastKnownFileType = text.xcconfig; path = Config.xcconfig; sourceTree = "<group>"; };
		229A1A7D2C6F86620039F740 /* .gitignore */ = {isa = PBXFileReference; lastKnownFileType = text; path = .gitignore; sourceTree = "<group>"; };
		22D3245C2C64AAB600373458 /* TopViewController.swift */ = {isa = PBXFileReference; fileEncoding = 4; lastKnownFileType = sourcecode.swift; path = TopViewController.swift; sourceTree = "<group>"; };
		22D3245F2C64AB0E00373458 /* SelectSongsViewController.swift */ = {isa = PBXFileReference; lastKnownFileType = sourcecode.swift; path = SelectSongsViewController.swift; sourceTree = "<group>"; };
/* End PBXFileReference section */

/* Begin PBXFrameworksBuildPhase section */
		226D81AB2C628F7800B2026B /* Frameworks */ = {
			isa = PBXFrameworksBuildPhase;
			buildActionMask = 2147483647;
			files = (
				224542E92C673E5A000B5BF6 /* Alamofire in Frameworks */,
			);
			runOnlyForDeploymentPostprocessing = 0;
		};
/* End PBXFrameworksBuildPhase section */

/* Begin PBXGroup section */
		224542DB2C671A2E000B5BF6 /* Enum */ = {
			isa = PBXGroup;
			children = (
				224542DC2C671A4C000B5BF6 /* APIError.swift */,
			);
			path = Enum;
			sourceTree = "<group>";
		};
		224542DE2C671E10000B5BF6 /* Service */ = {
			isa = PBXGroup;
			children = (
				224542DB2C671A2E000B5BF6 /* Enum */,
				224542E12C671E3D000B5BF6 /* SpotifyAPI.swift */,
			);
			path = Service;
			sourceTree = "<group>";
		};
		226D81A52C628F7800B2026B = {
			isa = PBXGroup;
			children = (
				226D81B02C628F7800B2026B /* SongWolf */,
				226D81AF2C628F7800B2026B /* Products */,
			);
			sourceTree = "<group>";
		};
		226D81AF2C628F7800B2026B /* Products */ = {
			isa = PBXGroup;
			children = (
				226D81AE2C628F7800B2026B /* SongWolf.app */,
			);
			name = Products;
			sourceTree = "<group>";
		};
		226D81B02C628F7800B2026B /* SongWolf */ = {
			isa = PBXGroup;
			children = (
				224542DE2C671E10000B5BF6 /* Service */,
				22D3245A2C64AAAD00373458 /* Model */,
				22D3245E2C64AABD00373458 /* Controller */,
				22D3245B2C64AAB600373458 /* View */,
				226D81B12C628F7800B2026B /* AppDelegate.swift */,
				226D81B32C628F7800B2026B /* SceneDelegate.swift */,
				226D81BA2C628F7A00B2026B /* Assets.xcassets */,
				226D81BC2C628F7A00B2026B /* LaunchScreen.storyboard */,
				226D81BF2C628F7A00B2026B /* Info.plist */,
				229A1A7C2C6F825E0039F740 /* Config.xcconfig */,
				229A1A7D2C6F86620039F740 /* .gitignore */,
			);
			path = SongWolf;
			sourceTree = "<group>";
		};
		22D3245A2C64AAAD00373458 /* Model */ = {
			isa = PBXGroup;
			children = (
				224542E52C673A11000B5BF6 /* SpotifyAccessTokenModel.swift */,
				229A1A782C6E4A8D0039F740 /* SearchResponse.swift */,
			);
			path = Model;
			sourceTree = "<group>";
		};
		22D3245B2C64AAB600373458 /* View */ = {
			isa = PBXGroup;
			children = (
				229A1A7A2C6E4B950039F740 /* SearchSongViewController.swift */,
				22D3245C2C64AAB600373458 /* TopViewController.swift */,
				22D3245F2C64AB0E00373458 /* SelectSongsViewController.swift */,
			);
			path = View;
			sourceTree = "<group>";
		};
		22D3245E2C64AABD00373458 /* Controller */ = {
			isa = PBXGroup;
			children = (
				224542E32C672E4A000B5BF6 /* AuthViewController.swift */,
			);
			path = Controller;
			sourceTree = "<group>";
		};
/* End PBXGroup section */

/* Begin PBXNativeTarget section */
		226D81AD2C628F7800B2026B /* SongWolf */ = {
			isa = PBXNativeTarget;
			buildConfigurationList = 226D81C22C628F7A00B2026B /* Build configuration list for PBXNativeTarget "SongWolf" */;
			buildPhases = (
				226D81AA2C628F7800B2026B /* Sources */,
				226D81AB2C628F7800B2026B /* Frameworks */,
				226D81AC2C628F7800B2026B /* Resources */,
			);
			buildRules = (
			);
			dependencies = (
			);
			name = SongWolf;
			packageProductDependencies = (
				224542E82C673E5A000B5BF6 /* Alamofire */,
			);
			productName = SongWolf;
			productReference = 226D81AE2C628F7800B2026B /* SongWolf.app */;
			productType = "com.apple.product-type.application";
		};
/* End PBXNativeTarget section */

/* Begin PBXProject section */
		226D81A62C628F7800B2026B /* Project object */ = {
			isa = PBXProject;
			attributes = {
				BuildIndependentTargetsInParallel = 1;
				LastSwiftUpdateCheck = 1520;
				LastUpgradeCheck = 1520;
				TargetAttributes = {
					226D81AD2C628F7800B2026B = {
						CreatedOnToolsVersion = 15.2;
					};
				};
			};
			buildConfigurationList = 226D81A92C628F7800B2026B /* Build configuration list for PBXProject "SongWolf" */;
			compatibilityVersion = "Xcode 14.0";
			developmentRegion = en;
			hasScannedForEncodings = 0;
			knownRegions = (
				en,
				Base,
			);
			mainGroup = 226D81A52C628F7800B2026B;
			packageReferences = (
				224542E72C673E5A000B5BF6 /* XCRemoteSwiftPackageReference "Alamofire" */,
			);
			productRefGroup = 226D81AF2C628F7800B2026B /* Products */;
			projectDirPath = "";
			projectRoot = "";
			targets = (
				226D81AD2C628F7800B2026B /* SongWolf */,
			);
		};
/* End PBXProject section */

/* Begin PBXResourcesBuildPhase section */
		226D81AC2C628F7800B2026B /* Resources */ = {
			isa = PBXResourcesBuildPhase;
			buildActionMask = 2147483647;
			files = (
				226D81BE2C628F7A00B2026B /* LaunchScreen.storyboard in Resources */,
				229A1A7E2C6F86620039F740 /* .gitignore in Resources */,
				226D81BB2C628F7A00B2026B /* Assets.xcassets in Resources */,
			);
			runOnlyForDeploymentPostprocessing = 0;
		};
/* End PBXResourcesBuildPhase section */

/* Begin PBXSourcesBuildPhase section */
		226D81AA2C628F7800B2026B /* Sources */ = {
			isa = PBXSourcesBuildPhase;
			buildActionMask = 2147483647;
			files = (
				22D3245D2C64AAB600373458 /* TopViewController.swift in Sources */,
				226D81B22C628F7800B2026B /* AppDelegate.swift in Sources */,
				224542E62C673A11000B5BF6 /* SpotifyAccessTokenModel.swift in Sources */,
				226D81B42C628F7800B2026B /* SceneDelegate.swift in Sources */,
				224542E42C672E4A000B5BF6 /* AuthViewController.swift in Sources */,
				224542E22C671E3D000B5BF6 /* SpotifyAPI.swift in Sources */,
				229A1A792C6E4A8D0039F740 /* SearchResponse.swift in Sources */,
				224542DD2C671A4C000B5BF6 /* APIError.swift in Sources */,
				22D324602C64AB0E00373458 /* SelectSongsViewController.swift in Sources */,
				229A1A7B2C6E4B950039F740 /* SearchSongViewController.swift in Sources */,
			);
			runOnlyForDeploymentPostprocessing = 0;
		};
/* End PBXSourcesBuildPhase section */

/* Begin PBXVariantGroup section */
		226D81BC2C628F7A00B2026B /* LaunchScreen.storyboard */ = {
			isa = PBXVariantGroup;
			children = (
				226D81BD2C628F7A00B2026B /* Base */,
			);
			name = LaunchScreen.storyboard;
			sourceTree = "<group>";
		};
/* End PBXVariantGroup section */

/* Begin XCBuildConfiguration section */
		226D81C02C628F7A00B2026B /* Debug */ = {
			isa = XCBuildConfiguration;
			buildSettings = {
				ALWAYS_SEARCH_USER_PATHS = NO;
				ASSETCATALOG_COMPILER_GENERATE_SWIFT_ASSET_SYMBOL_EXTENSIONS = YES;
				CLANG_ANALYZER_NONNULL = YES;
				CLANG_ANALYZER_NUMBER_OBJECT_CONVERSION = YES_AGGRESSIVE;
				CLANG_CXX_LANGUAGE_STANDARD = "gnu++20";
				CLANG_ENABLE_MODULES = YES;
				CLANG_ENABLE_OBJC_ARC = YES;
				CLANG_ENABLE_OBJC_WEAK = YES;
				CLANG_WARN_BLOCK_CAPTURE_AUTORELEASING = YES;
				CLANG_WARN_BOOL_CONVERSION = YES;
				CLANG_WARN_COMMA = YES;
				CLANG_WARN_CONSTANT_CONVERSION = YES;
				CLANG_WARN_DEPRECATED_OBJC_IMPLEMENTATIONS = YES;
				CLANG_WARN_DIRECT_OBJC_ISA_USAGE = YES_ERROR;
				CLANG_WARN_DOCUMENTATION_COMMENTS = YES;
				CLANG_WARN_EMPTY_BODY = YES;
				CLANG_WARN_ENUM_CONVERSION = YES;
				CLANG_WARN_INFINITE_RECURSION = YES;
				CLANG_WARN_INT_CONVERSION = YES;
				CLANG_WARN_NON_LITERAL_NULL_CONVERSION = YES;
				CLANG_WARN_OBJC_IMPLICIT_RETAIN_SELF = YES;
				CLANG_WARN_OBJC_LITERAL_CONVERSION = YES;
				CLANG_WARN_OBJC_ROOT_CLASS = YES_ERROR;
				CLANG_WARN_QUOTED_INCLUDE_IN_FRAMEWORK_HEADER = YES;
				CLANG_WARN_RANGE_LOOP_ANALYSIS = YES;
				CLANG_WARN_STRICT_PROTOTYPES = YES;
				CLANG_WARN_SUSPICIOUS_MOVE = YES;
				CLANG_WARN_UNGUARDED_AVAILABILITY = YES_AGGRESSIVE;
				CLANG_WARN_UNREACHABLE_CODE = YES;
				CLANG_WARN__DUPLICATE_METHOD_MATCH = YES;
				COPY_PHASE_STRIP = NO;
				DEBUG_INFORMATION_FORMAT = dwarf;
				ENABLE_STRICT_OBJC_MSGSEND = YES;
				ENABLE_TESTABILITY = YES;
				ENABLE_USER_SCRIPT_SANDBOXING = YES;
				GCC_C_LANGUAGE_STANDARD = gnu17;
				GCC_DYNAMIC_NO_PIC = NO;
				GCC_NO_COMMON_BLOCKS = YES;
				GCC_OPTIMIZATION_LEVEL = 0;
				GCC_PREPROCESSOR_DEFINITIONS = (
					"DEBUG=1",
					"$(inherited)",
				);
				GCC_WARN_64_TO_32_BIT_CONVERSION = YES;
				GCC_WARN_ABOUT_RETURN_TYPE = YES_ERROR;
				GCC_WARN_UNDECLARED_SELECTOR = YES;
				GCC_WARN_UNINITIALIZED_AUTOS = YES_AGGRESSIVE;
				GCC_WARN_UNUSED_FUNCTION = YES;
				GCC_WARN_UNUSED_VARIABLE = YES;
				IPHONEOS_DEPLOYMENT_TARGET = 17.2;
				LOCALIZATION_PREFERS_STRING_CATALOGS = YES;
				MTL_ENABLE_DEBUG_INFO = INCLUDE_SOURCE;
				MTL_FAST_MATH = YES;
				ONLY_ACTIVE_ARCH = YES;
				SDKROOT = iphoneos;
				SWIFT_ACTIVE_COMPILATION_CONDITIONS = "DEBUG $(inherited)";
				SWIFT_OPTIMIZATION_LEVEL = "-Onone";
			};
			name = Debug;
		};
		226D81C12C628F7A00B2026B /* Release */ = {
			isa = XCBuildConfiguration;
			buildSettings = {
				ALWAYS_SEARCH_USER_PATHS = NO;
				ASSETCATALOG_COMPILER_GENERATE_SWIFT_ASSET_SYMBOL_EXTENSIONS = YES;
				CLANG_ANALYZER_NONNULL = YES;
				CLANG_ANALYZER_NUMBER_OBJECT_CONVERSION = YES_AGGRESSIVE;
				CLANG_CXX_LANGUAGE_STANDARD = "gnu++20";
				CLANG_ENABLE_MODULES = YES;
				CLANG_ENABLE_OBJC_ARC = YES;
				CLANG_ENABLE_OBJC_WEAK = YES;
				CLANG_WARN_BLOCK_CAPTURE_AUTORELEASING = YES;
				CLANG_WARN_BOOL_CONVERSION = YES;
				CLANG_WARN_COMMA = YES;
				CLANG_WARN_CONSTANT_CONVERSION = YES;
				CLANG_WARN_DEPRECATED_OBJC_IMPLEMENTATIONS = YES;
				CLANG_WARN_DIRECT_OBJC_ISA_USAGE = YES_ERROR;
				CLANG_WARN_DOCUMENTATION_COMMENTS = YES;
				CLANG_WARN_EMPTY_BODY = YES;
				CLANG_WARN_ENUM_CONVERSION = YES;
				CLANG_WARN_INFINITE_RECURSION = YES;
				CLANG_WARN_INT_CONVERSION = YES;
				CLANG_WARN_NON_LITERAL_NULL_CONVERSION = YES;
				CLANG_WARN_OBJC_IMPLICIT_RETAIN_SELF = YES;
				CLANG_WARN_OBJC_LITERAL_CONVERSION = YES;
				CLANG_WARN_OBJC_ROOT_CLASS = YES_ERROR;
				CLANG_WARN_QUOTED_INCLUDE_IN_FRAMEWORK_HEADER = YES;
				CLANG_WARN_RANGE_LOOP_ANALYSIS = YES;
				CLANG_WARN_STRICT_PROTOTYPES = YES;
				CLANG_WARN_SUSPICIOUS_MOVE = YES;
				CLANG_WARN_UNGUARDED_AVAILABILITY = YES_AGGRESSIVE;
				CLANG_WARN_UNREACHABLE_CODE = YES;
				CLANG_WARN__DUPLICATE_METHOD_MATCH = YES;
				COPY_PHASE_STRIP = NO;
				DEBUG_INFORMATION_FORMAT = "dwarf-with-dsym";
				ENABLE_NS_ASSERTIONS = NO;
				ENABLE_STRICT_OBJC_MSGSEND = YES;
				ENABLE_USER_SCRIPT_SANDBOXING = YES;
				GCC_C_LANGUAGE_STANDARD = gnu17;
				GCC_NO_COMMON_BLOCKS = YES;
				GCC_WARN_64_TO_32_BIT_CONVERSION = YES;
				GCC_WARN_ABOUT_RETURN_TYPE = YES_ERROR;
				GCC_WARN_UNDECLARED_SELECTOR = YES;
				GCC_WARN_UNINITIALIZED_AUTOS = YES_AGGRESSIVE;
				GCC_WARN_UNUSED_FUNCTION = YES;
				GCC_WARN_UNUSED_VARIABLE = YES;
				IPHONEOS_DEPLOYMENT_TARGET = 17.2;
				LOCALIZATION_PREFERS_STRING_CATALOGS = YES;
				MTL_ENABLE_DEBUG_INFO = NO;
				MTL_FAST_MATH = YES;
				SDKROOT = iphoneos;
				SWIFT_COMPILATION_MODE = wholemodule;
				VALIDATE_PRODUCT = YES;
			};
			name = Release;
		};
		226D81C32C628F7A00B2026B /* Debug */ = {
			isa = XCBuildConfiguration;
			buildSettings = {
				ASSETCATALOG_COMPILER_APPICON_NAME = AppIcon;
				ASSETCATALOG_COMPILER_GLOBAL_ACCENT_COLOR_NAME = AccentColor;
				CODE_SIGN_STYLE = Automatic;
				CURRENT_PROJECT_VERSION = 1;
				DEVELOPMENT_TEAM = 67B8R6CZM3;
				GENERATE_INFOPLIST_FILE = YES;
				INFOPLIST_FILE = SongWolf/Info.plist;
				INFOPLIST_KEY_UIApplicationSupportsIndirectInputEvents = YES;
				INFOPLIST_KEY_UILaunchStoryboardName = LaunchScreen;
				INFOPLIST_KEY_UISupportedInterfaceOrientations_iPad = "UIInterfaceOrientationPortrait UIInterfaceOrientationPortraitUpsideDown UIInterfaceOrientationLandscapeLeft UIInterfaceOrientationLandscapeRight";
				INFOPLIST_KEY_UISupportedInterfaceOrientations_iPhone = "UIInterfaceOrientationPortrait UIInterfaceOrientationLandscapeLeft UIInterfaceOrientationLandscapeRight";
				IPHONEOS_DEPLOYMENT_TARGET = 16.6;
				LD_RUNPATH_SEARCH_PATHS = (
					"$(inherited)",
					"@executable_path/Frameworks",
				);
				MARKETING_VERSION = 1.0;
				PRODUCT_BUNDLE_IDENTIFIER = com.udemyKabu.SongWolf;
				PRODUCT_NAME = "$(TARGET_NAME)";
				SWIFT_EMIT_LOC_STRINGS = YES;
				SWIFT_VERSION = 5.0;
				TARGETED_DEVICE_FAMILY = "1,2";
			};
			name = Debug;
		};
		226D81C42C628F7A00B2026B /* Release */ = {
			isa = XCBuildConfiguration;
			buildSettings = {
				ASSETCATALOG_COMPILER_APPICON_NAME = AppIcon;
				ASSETCATALOG_COMPILER_GLOBAL_ACCENT_COLOR_NAME = AccentColor;
				CODE_SIGN_STYLE = Automatic;
				CURRENT_PROJECT_VERSION = 1;
				DEVELOPMENT_TEAM = 67B8R6CZM3;
				GENERATE_INFOPLIST_FILE = YES;
				INFOPLIST_FILE = SongWolf/Info.plist;
				INFOPLIST_KEY_UIApplicationSupportsIndirectInputEvents = YES;
				INFOPLIST_KEY_UILaunchStoryboardName = LaunchScreen;
				INFOPLIST_KEY_UISupportedInterfaceOrientations_iPad = "UIInterfaceOrientationPortrait UIInterfaceOrientationPortraitUpsideDown UIInterfaceOrientationLandscapeLeft UIInterfaceOrientationLandscapeRight";
				INFOPLIST_KEY_UISupportedInterfaceOrientations_iPhone = "UIInterfaceOrientationPortrait UIInterfaceOrientationLandscapeLeft UIInterfaceOrientationLandscapeRight";
				IPHONEOS_DEPLOYMENT_TARGET = 16.6;
				LD_RUNPATH_SEARCH_PATHS = (
					"$(inherited)",
					"@executable_path/Frameworks",
				);
				MARKETING_VERSION = 1.0;
				PRODUCT_BUNDLE_IDENTIFIER = com.udemyKabu.SongWolf;
				PRODUCT_NAME = "$(TARGET_NAME)";
				SWIFT_EMIT_LOC_STRINGS = YES;
				SWIFT_VERSION = 5.0;
				TARGETED_DEVICE_FAMILY = "1,2";
			};
			name = Release;
		};
/* End XCBuildConfiguration section */

/* Begin XCConfigurationList section */
		226D81A92C628F7800B2026B /* Build configuration list for PBXProject "SongWolf" */ = {
			isa = XCConfigurationList;
			buildConfigurations = (
				226D81C02C628F7A00B2026B /* Debug */,
				226D81C12C628F7A00B2026B /* Release */,
			);
			defaultConfigurationIsVisible = 0;
			defaultConfigurationName = Release;
		};
		226D81C22C628F7A00B2026B /* Build configuration list for PBXNativeTarget "SongWolf" */ = {
			isa = XCConfigurationList;
			buildConfigurations = (
				226D81C32C628F7A00B2026B /* Debug */,
				226D81C42C628F7A00B2026B /* Release */,
			);
			defaultConfigurationIsVisible = 0;
			defaultConfigurationName = Release;
		};
/* End XCConfigurationList section */

/* Begin XCRemoteSwiftPackageReference section */
		224542E72C673E5A000B5BF6 /* XCRemoteSwiftPackageReference "Alamofire" */ = {
			isa = XCRemoteSwiftPackageReference;
			repositoryURL = "https://github.com/Alamofire/Alamofire.git";
			requirement = {
				kind = upToNextMajorVersion;
				minimumVersion = 5.9.1;
			};
		};
/* End XCRemoteSwiftPackageReference section */

/* Begin XCSwiftPackageProductDependency section */
		224542E82C673E5A000B5BF6 /* Alamofire */ = {
			isa = XCSwiftPackageProductDependency;
			package = 224542E72C673E5A000B5BF6 /* XCRemoteSwiftPackageReference "Alamofire" */;
			productName = Alamofire;
		};
/* End XCSwiftPackageProductDependency section */
	};
	rootObject = 226D81A62C628F7800B2026B /* Project object */;
}
